// !$*UTF8*$!
{
	archiveVersion = 1;
	classes = {
	};
	objectVersion = 46;
	objects = {

/* Begin PBXBuildFile section */
		F02E70721C845BBE0054B0BF /* RPNTape.swift in Sources */ = {isa = PBXBuildFile; fileRef = F02E70711C845BBE0054B0BF /* RPNTape.swift */; };
		F05370FC1C74E73A006D6297 /* MathUtils.swift in Sources */ = {isa = PBXBuildFile; fileRef = F05370FB1C74E73A006D6297 /* MathUtils.swift */; };
		F090A5B91C718FE5006281FC /* AppDelegate.swift in Sources */ = {isa = PBXBuildFile; fileRef = F090A5B81C718FE5006281FC /* AppDelegate.swift */; };
		F090A5BB1C718FE5006281FC /* RPNCalculator.swift in Sources */ = {isa = PBXBuildFile; fileRef = F090A5BA1C718FE5006281FC /* RPNCalculator.swift */; };
		F090A5BE1C718FE5006281FC /* Main.storyboard in Resources */ = {isa = PBXBuildFile; fileRef = F090A5BC1C718FE5006281FC /* Main.storyboard */; };
		F090A5C11C718FE5006281FC /* RPN_Calculator.xcdatamodeld in Sources */ = {isa = PBXBuildFile; fileRef = F090A5BF1C718FE5006281FC /* RPN_Calculator.xcdatamodeld */; };
		F090A5C31C718FE5006281FC /* Assets.xcassets in Resources */ = {isa = PBXBuildFile; fileRef = F090A5C21C718FE5006281FC /* Assets.xcassets */; };
		F090A5C61C718FE5006281FC /* LaunchScreen.storyboard in Resources */ = {isa = PBXBuildFile; fileRef = F090A5C41C718FE5006281FC /* LaunchScreen.storyboard */; };
		F090A5D21C719BA2006281FC /* RPNEngine.swift in Sources */ = {isa = PBXBuildFile; fileRef = F090A5D11C719BA2006281FC /* RPNEngine.swift */; };
/* End PBXBuildFile section */

/* Begin PBXFileReference section */
		F02E70711C845BBE0054B0BF /* RPNTape.swift */ = {isa = PBXFileReference; fileEncoding = 4; lastKnownFileType = sourcecode.swift; path = RPNTape.swift; sourceTree = "<group>"; };
		F05370FB1C74E73A006D6297 /* MathUtils.swift */ = {isa = PBXFileReference; fileEncoding = 4; lastKnownFileType = sourcecode.swift; path = MathUtils.swift; sourceTree = "<group>"; };
		F090A5B51C718FE5006281FC /* RPN Calculator.app */ = {isa = PBXFileReference; explicitFileType = wrapper.application; includeInIndex = 0; path = "RPN Calculator.app"; sourceTree = BUILT_PRODUCTS_DIR; };
		F090A5B81C718FE5006281FC /* AppDelegate.swift */ = {isa = PBXFileReference; lastKnownFileType = sourcecode.swift; path = AppDelegate.swift; sourceTree = "<group>"; };
		F090A5BA1C718FE5006281FC /* RPNCalculator.swift */ = {isa = PBXFileReference; lastKnownFileType = sourcecode.swift; path = RPNCalculator.swift; sourceTree = "<group>"; };
		F090A5BD1C718FE5006281FC /* Base */ = {isa = PBXFileReference; lastKnownFileType = file.storyboard; name = Base; path = Base.lproj/Main.storyboard; sourceTree = "<group>"; };
		F090A5C01C718FE5006281FC /* RPN_Calculator.xcdatamodel */ = {isa = PBXFileReference; lastKnownFileType = wrapper.xcdatamodel; path = RPN_Calculator.xcdatamodel; sourceTree = "<group>"; };
		F090A5C21C718FE5006281FC /* Assets.xcassets */ = {isa = PBXFileReference; lastKnownFileType = folder.assetcatalog; path = Assets.xcassets; sourceTree = "<group>"; };
		F090A5C51C718FE5006281FC /* Base */ = {isa = PBXFileReference; lastKnownFileType = file.storyboard; name = Base; path = Base.lproj/LaunchScreen.storyboard; sourceTree = "<group>"; };
		F090A5C71C718FE5006281FC /* Info.plist */ = {isa = PBXFileReference; lastKnownFileType = text.plist.xml; path = Info.plist; sourceTree = "<group>"; };
		F090A5D11C719BA2006281FC /* RPNEngine.swift */ = {isa = PBXFileReference; fileEncoding = 4; lastKnownFileType = sourcecode.swift; path = RPNEngine.swift; sourceTree = "<group>"; };
/* End PBXFileReference section */

/* Begin PBXFrameworksBuildPhase section */
		F090A5B21C718FE5006281FC /* Frameworks */ = {
			isa = PBXFrameworksBuildPhase;
			buildActionMask = 2147483647;
			files = (
			);
			runOnlyForDeploymentPostprocessing = 0;
		};
/* End PBXFrameworksBuildPhase section */

/* Begin PBXGroup section */
		F090A5AC1C718FE5006281FC = {
			isa = PBXGroup;
			children = (
				F090A5B71C718FE5006281FC /* RPN Calculator */,
				F090A5B61C718FE5006281FC /* Products */,
			);
			sourceTree = "<group>";
		};
		F090A5B61C718FE5006281FC /* Products */ = {
			isa = PBXGroup;
			children = (
				F090A5B51C718FE5006281FC /* RPN Calculator.app */,
			);
			name = Products;
			sourceTree = "<group>";
		};
		F090A5B71C718FE5006281FC /* RPN Calculator */ = {
			isa = PBXGroup;
			children = (
				F090A5D31C71A072006281FC /* utils */,
				F090A5CE1C719B32006281FC /* engine */,
				F090A5CD1C719B25006281FC /* controllers */,
				F090A5B81C718FE5006281FC /* AppDelegate.swift */,
				F090A5BC1C718FE5006281FC /* Main.storyboard */,
				F090A5C21C718FE5006281FC /* Assets.xcassets */,
				F090A5C41C718FE5006281FC /* LaunchScreen.storyboard */,
				F090A5C71C718FE5006281FC /* Info.plist */,
				F090A5BF1C718FE5006281FC /* RPN_Calculator.xcdatamodeld */,
			);
			path = "RPN Calculator";
			sourceTree = "<group>";
		};
		F090A5CD1C719B25006281FC /* controllers */ = {
			isa = PBXGroup;
			children = (
				F090A5BA1C718FE5006281FC /* RPNCalculator.swift */,
				F02E70711C845BBE0054B0BF /* RPNTape.swift */,
			);
			name = controllers;
			sourceTree = "<group>";
		};
		F090A5CE1C719B32006281FC /* engine */ = {
			isa = PBXGroup;
			children = (
				F090A5D11C719BA2006281FC /* RPNEngine.swift */,
			);
			name = engine;
			sourceTree = "<group>";
		};
		F090A5D31C71A072006281FC /* utils */ = {
			isa = PBXGroup;
			children = (
				F05370FB1C74E73A006D6297 /* MathUtils.swift */,
			);
			name = utils;
			sourceTree = "<group>";
		};
/* End PBXGroup section */

/* Begin PBXNativeTarget section */
		F090A5B41C718FE5006281FC /* RPN Calculator */ = {
			isa = PBXNativeTarget;
			buildConfigurationList = F090A5CA1C718FE5006281FC /* Build configuration list for PBXNativeTarget "RPN Calculator" */;
			buildPhases = (
				F090A5B11C718FE5006281FC /* Sources */,
				F090A5B21C718FE5006281FC /* Frameworks */,
				F090A5B31C718FE5006281FC /* Resources */,
			);
			buildRules = (
			);
			dependencies = (
			);
			name = "RPN Calculator";
			productName = "RPN Calculator";
			productReference = F090A5B51C718FE5006281FC /* RPN Calculator.app */;
			productType = "com.apple.product-type.application";
		};
/* End PBXNativeTarget section */

/* Begin PBXProject section */
		F090A5AD1C718FE5006281FC /* Project object */ = {
			isa = PBXProject;
			attributes = {
				LastSwiftUpdateCheck = 0720;
				LastUpgradeCheck = 0720;
				ORGANIZATIONNAME = "Envision Tech LLC";
				TargetAttributes = {
					F090A5B41C718FE5006281FC = {
						CreatedOnToolsVersion = 7.2;
					};
				};
			};
			buildConfigurationList = F090A5B01C718FE5006281FC /* Build configuration list for PBXProject "RPN Calculator" */;
			compatibilityVersion = "Xcode 3.2";
			developmentRegion = English;
			hasScannedForEncodings = 0;
			knownRegions = (
				en,
				Base,
			);
			mainGroup = F090A5AC1C718FE5006281FC;
			productRefGroup = F090A5B61C718FE5006281FC /* Products */;
			projectDirPath = "";
			projectRoot = "";
			targets = (
				F090A5B41C718FE5006281FC /* RPN Calculator */,
			);
		};
/* End PBXProject section */

/* Begin PBXResourcesBuildPhase section */
		F090A5B31C718FE5006281FC /* Resources */ = {
			isa = PBXResourcesBuildPhase;
			buildActionMask = 2147483647;
			files = (
				F090A5C61C718FE5006281FC /* LaunchScreen.storyboard in Resources */,
				F090A5C31C718FE5006281FC /* Assets.xcassets in Resources */,
				F090A5BE1C718FE5006281FC /* Main.storyboard in Resources */,
			);
			runOnlyForDeploymentPostprocessing = 0;
		};
/* End PBXResourcesBuildPhase section */

/* Begin PBXSourcesBuildPhase section */
		F090A5B11C718FE5006281FC /* Sources */ = {
			isa = PBXSourcesBuildPhase;
			buildActionMask = 2147483647;
			files = (
				F02E70721C845BBE0054B0BF /* RPNTape.swift in Sources */,
				F090A5D21C719BA2006281FC /* RPNEngine.swift in Sources */,
				F090A5BB1C718FE5006281FC /* RPNCalculator.swift in Sources */,
				F090A5B91C718FE5006281FC /* AppDelegate.swift in Sources */,
				F090A5C11C718FE5006281FC /* RPN_Calculator.xcdatamodeld in Sources */,
				F05370FC1C74E73A006D6297 /* MathUtils.swift in Sources */,
			);
			runOnlyForDeploymentPostprocessing = 0;
		};
/* End PBXSourcesBuildPhase section */

/* Begin PBXVariantGroup section */
		F090A5BC1C718FE5006281FC /* Main.storyboard */ = {
			isa = PBXVariantGroup;
			children = (
				F090A5BD1C718FE5006281FC /* Base */,
			);
			name = Main.storyboard;
			sourceTree = "<group>";
		};
		F090A5C41C718FE5006281FC /* LaunchScreen.storyboard */ = {
			isa = PBXVariantGroup;
			children = (
				F090A5C51C718FE5006281FC /* Base */,
			);
			name = LaunchScreen.storyboard;
			sourceTree = "<group>";
		};
/* End PBXVariantGroup section */

/* Begin XCBuildConfiguration section */
		F090A5C81C718FE5006281FC /* Debug */ = {
			isa = XCBuildConfiguration;
			buildSettings = {
				ALWAYS_SEARCH_USER_PATHS = NO;
				CLANG_CXX_LANGUAGE_STANDARD = "gnu++0x";
				CLANG_CXX_LIBRARY = "libc++";
				CLANG_ENABLE_MODULES = YES;
				CLANG_ENABLE_OBJC_ARC = YES;
				CLANG_WARN_BOOL_CONVERSION = YES;
				CLANG_WARN_CONSTANT_CONVERSION = YES;
				CLANG_WARN_DIRECT_OBJC_ISA_USAGE = YES_ERROR;
				CLANG_WARN_EMPTY_BODY = YES;
				CLANG_WARN_ENUM_CONVERSION = YES;
				CLANG_WARN_INT_CONVERSION = YES;
				CLANG_WARN_OBJC_ROOT_CLASS = YES_ERROR;
				CLANG_WARN_UNREACHABLE_CODE = YES;
				CLANG_WARN__DUPLICATE_METHOD_MATCH = YES;
				"CODE_SIGN_IDENTITY[sdk=iphoneos*]" = "iPhone Developer";
				COPY_PHASE_STRIP = NO;
				DEBUG_INFORMATION_FORMAT = dwarf;
				ENABLE_STRICT_OBJC_MSGSEND = YES;
				ENABLE_TESTABILITY = YES;
				GCC_C_LANGUAGE_STANDARD = gnu99;
				GCC_DYNAMIC_NO_PIC = NO;
				GCC_NO_COMMON_BLOCKS = YES;
				GCC_OPTIMIZATION_LEVEL = 0;
				GCC_PREPROCESSOR_DEFINITIONS = (
					"DEBUG=1",
					"$(inherited)",
				);
				GCC_WARN_64_TO_32_BIT_CONVERSION = YES;
				GCC_WARN_ABOUT_RETURN_TYPE = YES_ERROR;
				GCC_WARN_UNDECLARED_SELECTOR = YES;
				GCC_WARN_UNINITIALIZED_AUTOS = YES_AGGRESSIVE;
				GCC_WARN_UNUSED_FUNCTION = YES;
				GCC_WARN_UNUSED_VARIABLE = YES;
				IPHONEOS_DEPLOYMENT_TARGET = 9.2;
				MTL_ENABLE_DEBUG_INFO = YES;
				ONLY_ACTIVE_ARCH = YES;
				SDKROOT = iphoneos;
				SWIFT_OPTIMIZATION_LEVEL = "-Onone";
			};
			name = Debug;
		};
		F090A5C91C718FE5006281FC /* Release */ = {
			isa = XCBuildConfiguration;
			buildSettings = {
				ALWAYS_SEARCH_USER_PATHS = NO;
				CLANG_CXX_LANGUAGE_STANDARD = "gnu++0x";
				CLANG_CXX_LIBRARY = "libc++";
				CLANG_ENABLE_MODULES = YES;
				CLANG_ENABLE_OBJC_ARC = YES;
				CLANG_WARN_BOOL_CONVERSION = YES;
				CLANG_WARN_CONSTANT_CONVERSION = YES;
				CLANG_WARN_DIRECT_OBJC_ISA_USAGE = YES_ERROR;
				CLANG_WARN_EMPTY_BODY = YES;
				CLANG_WARN_ENUM_CONVERSION = YES;
				CLANG_WARN_INT_CONVERSION = YES;
				CLANG_WARN_OBJC_ROOT_CLASS = YES_ERROR;
				CLANG_WARN_UNREACHABLE_CODE = YES;
				CLANG_WARN__DUPLICATE_METHOD_MATCH = YES;
				"CODE_SIGN_IDENTITY[sdk=iphoneos*]" = "iPhone Developer";
				COPY_PHASE_STRIP = NO;
				DEBUG_INFORMATION_FORMAT = "dwarf-with-dsym";
				ENABLE_NS_ASSERTIONS = NO;
				ENABLE_STRICT_OBJC_MSGSEND = YES;
				GCC_C_LANGUAGE_STANDARD = gnu99;
				GCC_NO_COMMON_BLOCKS = YES;
				GCC_WARN_64_TO_32_BIT_CONVERSION = YES;
				GCC_WARN_ABOUT_RETURN_TYPE = YES_ERROR;
				GCC_WARN_UNDECLARED_SELECTOR = YES;
				GCC_WARN_UNINITIALIZED_AUTOS = YES_AGGRESSIVE;
				GCC_WARN_UNUSED_FUNCTION = YES;
				GCC_WARN_UNUSED_VARIABLE = YES;
				IPHONEOS_DEPLOYMENT_TARGET = 9.2;
				MTL_ENABLE_DEBUG_INFO = NO;
				SDKROOT = iphoneos;
				VALIDATE_PRODUCT = YES;
			};
			name = Release;
		};
		F090A5CB1C718FE5006281FC /* Debug */ = {
			isa = XCBuildConfiguration;
			buildSettings = {
				ASSETCATALOG_COMPILER_APPICON_NAME = AppIcon;
				INFOPLIST_FILE = "RPN Calculator/Info.plist";
				LD_RUNPATH_SEARCH_PATHS = "$(inherited) @executable_path/Frameworks";
				PRODUCT_BUNDLE_IDENTIFIER = "org.envisiontechllc.RPN-Calculator";
				PRODUCT_NAME = "$(TARGET_NAME)";
			};
			name = Debug;
		};
		F090A5CC1C718FE5006281FC /* Release */ = {
			isa = XCBuildConfiguration;
			buildSettings = {
				ASSETCATALOG_COMPILER_APPICON_NAME = AppIcon;
				INFOPLIST_FILE = "RPN Calculator/Info.plist";
				LD_RUNPATH_SEARCH_PATHS = "$(inherited) @executable_path/Frameworks";
				PRODUCT_BUNDLE_IDENTIFIER = "org.envisiontechllc.RPN-Calculator";
				PRODUCT_NAME = "$(TARGET_NAME)";
			};
			name = Release;
		};
/* End XCBuildConfiguration section */

/* Begin XCConfigurationList section */
		F090A5B01C718FE5006281FC /* Build configuration list for PBXProject "RPN Calculator" */ = {
			isa = XCConfigurationList;
			buildConfigurations = (
				F090A5C81C718FE5006281FC /* Debug */,
				F090A5C91C718FE5006281FC /* Release */,
			);
			defaultConfigurationIsVisible = 0;
			defaultConfigurationName = Release;
		};
		F090A5CA1C718FE5006281FC /* Build configuration list for PBXNativeTarget "RPN Calculator" */ = {
			isa = XCConfigurationList;
			buildConfigurations = (
				F090A5CB1C718FE5006281FC /* Debug */,
				F090A5CC1C718FE5006281FC /* Release */,
			);
			defaultConfigurationIsVisible = 0;
			defaultConfigurationName = Release;
		};
/* End XCConfigurationList section */

/* Begin XCVersionGroup section */
		F090A5BF1C718FE5006281FC /* RPN_Calculator.xcdatamodeld */ = {
			isa = XCVersionGroup;
			children = (
				F090A5C01C718FE5006281FC /* RPN_Calculator.xcdatamodel */,
			);
			currentVersion = F090A5C01C718FE5006281FC /* RPN_Calculator.xcdatamodel */;
			path = RPN_Calculator.xcdatamodeld;
			sourceTree = "<group>";
			versionGroupType = wrapper.xcdatamodel;
		};
/* End XCVersionGroup section */
	};
	rootObject = F090A5AD1C718FE5006281FC /* Project object */;
}
